
Microsoft Visual Studio Solution File, Format Version 12.00
# Visual Studio 15
VisualStudioVersion = 15.0.26228.9
MinimumVisualStudioVersion = 10.0.40219.1
Project("{FAE04EC0-301F-11D3-BF4B-00C04F79EFBC}") = "HoneycombWalk", "HoneycombWalk\HoneycombWalk.csproj", "{07CAE88C-4E47-46B9-BF24-F8A8EDA31BD7}"
EndProject
Project("{FAE04EC0-301F-11D3-BF4B-00C04F79EFBC}") = "HoneycombWalkTests", "HoneycombWalkTests\HoneycombWalkTests.csproj", "{CC9DC352-3261-4BDB-81A4-507CCE681F57}"
EndProject
Global
	GlobalSection(SolutionConfigurationPlatforms) = preSolution
		Debug|Any CPU = Debug|Any CPU
		Release|Any CPU = Release|Any CPU
	EndGlobalSection
	GlobalSection(ProjectConfigurationPlatforms) = postSolution
		{07CAE88C-4E47-46B9-BF24-F8A8EDA31BD7}.Debug|Any CPU.ActiveCfg = Debug|Any CPU
		{07CAE88C-4E47-46B9-BF24-F8A8EDA31BD7}.Debug|Any CPU.Build.0 = Debug|Any CPU
		{07CAE88C-4E47-46B9-BF24-F8A8EDA31BD7}.Release|Any CPU.ActiveCfg = Release|Any CPU
		{07CAE88C-4E47-46B9-BF24-F8A8EDA31BD7}.Release|Any CPU.Build.0 = Release|Any CPU
		{CC9DC352-3261-4BDB-81A4-507CCE681F57}.Debug|Any CPU.ActiveCfg = Debug|Any CPU
		{CC9DC352-3261-4BDB-81A4-507CCE681F57}.Debug|Any CPU.Build.0 = Debug|Any CPU
		{CC9DC352-3261-4BDB-81A4-507CCE681F57}.Release|Any CPU.ActiveCfg = Release|Any CPU
		{CC9DC352-3261-4BDB-81A4-507CCE681F57}.Release|Any CPU.Build.0 = Release|Any CPU
	EndGlobalSection
	GlobalSection(SolutionProperties) = preSolution
		HideSolutionNode = FALSE
	EndGlobalSection
EndGlobal
